
Microsoft Visual Studio Solution File, Format Version 12.00
# Visual Studio 15
VisualStudioVersion = 15.0.28307.1062
MinimumVisualStudioVersion = 10.0.40219.1
Project("{FAE04EC0-301F-11D3-BF4B-00C04F79EFBC}") = "Bootsrap4 Calismasi", "Bootsrap4 Calismasi\Bootsrap4 Calismasi.csproj", "{A6510B56-1D6F-4BBA-99AE-401F9B097BC6}"
EndProject
Global
	GlobalSection(SolutionConfigurationPlatforms) = preSolution
		Debug|Any CPU = Debug|Any CPU
		Release|Any CPU = Release|Any CPU
	EndGlobalSection
	GlobalSection(ProjectConfigurationPlatforms) = postSolution
		{A6510B56-1D6F-4BBA-99AE-401F9B097BC6}.Debug|Any CPU.ActiveCfg = Debug|Any CPU
		{A6510B56-1D6F-4BBA-99AE-401F9B097BC6}.Debug|Any CPU.Build.0 = Debug|Any CPU
		{A6510B56-1D6F-4BBA-99AE-401F9B097BC6}.Release|Any CPU.ActiveCfg = Release|Any CPU
		{A6510B56-1D6F-4BBA-99AE-401F9B097BC6}.Release|Any CPU.Build.0 = Release|Any CPU
	EndGlobalSection
	GlobalSection(SolutionProperties) = preSolution
		HideSolutionNode = FALSE
	EndGlobalSection
	GlobalSection(ExtensibilityGlobals) = postSolution
		SolutionGuid = {01205BAD-8670-49B5-AD7B-3F91B337B741}
	EndGlobalSection
EndGlobal
